
Microsoft Visual Studio Solution File, Format Version 12.00
# Visual Studio Version 17
VisualStudioVersion = 17.2.32630.192
MinimumVisualStudioVersion = 10.0.40219.1
Project("{9A19103F-16F7-4668-BE54-9A1E7A4F7556}") = "Support.CSharp", "CSharp\Core\Support.CSharp\Support.CSharp.csproj", "{312E90DF-7D18-42A0-BB31-DE7F3EFEA918}"
EndProject
Project("{2150E333-8FDC-42A3-9474-1A3956D46DE8}") = "CSharp", "CSharp", "{91827CA4-FACA-4251-B8B6-69888F998D50}"
EndProject
Project("{2150E333-8FDC-42A3-9474-1A3956D46DE8}") = "Core", "Core", "{FF0E7445-F0D6-41DE-A1BC-E482D3B04617}"
EndProject
Project("{2150E333-8FDC-42A3-9474-1A3956D46DE8}") = "Simple", "Simple", "{D141A43C-9513-4596-8A7B-2A066D2CB12A}"
EndProject
Project("{9A19103F-16F7-4668-BE54-9A1E7A4F7556}") = "WinFormSimpleObject", "CSharp\Simple\WinFormSimpleObject\WinFormSimpleObject.csproj", "{F0261FB4-16F7-4D7D-A3C0-3278841C6236}"
EndProject
Project("{9A19103F-16F7-4668-BE54-9A1E7A4F7556}") = "WinFormSimpleCollection", "CSharp\Simple\WinFormSimpleCollection\WinFormSimpleCollection.csproj", "{B25EB48B-452D-40E4-A5D2-4F283BD83553}"
EndProject
Project("{2150E333-8FDC-42A3-9474-1A3956D46DE8}") = "MovieDB", "MovieDB", "{1FF042FA-6D76-4527-81A1-15BBB18386E0}"
EndProject
Project("{2150E333-8FDC-42A3-9474-1A3956D46DE8}") = "Flickr", "Flickr", "{761ADD43-71EA-4F5D-AC2D-BC3959A2AB36}"
EndProject
Project("{2150E333-8FDC-42A3-9474-1A3956D46DE8}") = "GoogleDrive", "GoogleDrive", "{68D70DFE-407B-4F3E-91BD-D842E4507C3A}"
EndProject
Project("{2150E333-8FDC-42A3-9474-1A3956D46DE8}") = "Twitter", "Twitter", "{5D38864E-9816-4B69-BEFA-11D939014AB2}"
EndProject
Project("{9A19103F-16F7-4668-BE54-9A1E7A4F7556}") = "WpfPhoto", "CSharp\Flickr\WpfPhoto\WpfPhoto.csproj", "{F4C6569F-326A-4BC9-920C-0C761717A7FE}"
EndProject
Project("{9A19103F-16F7-4668-BE54-9A1E7A4F7556}") = "WpfMultiSearch", "CSharp\MovieDB\WpfMultiSearch\WpfMultiSearch.csproj", "{991314A3-9DB8-4CD1-94F5-899F4CB7680F}"
EndProject
Project("{9A19103F-16F7-4668-BE54-9A1E7A4F7556}") = "WpfFileExplorer", "CSharp\GoogleDrive\WpfFileExplorer\WpfFileExplorer.csproj", "{03EB8BAB-9DD3-4421-9457-44C803C9400B}"
EndProject
Project("{9A19103F-16F7-4668-BE54-9A1E7A4F7556}") = "WpfApplicationRateLimitStatus", "CSharp\Twitter\WpfApplicationRateLimitStatus\WpfApplicationRateLimitStatus.csproj", "{22E9E913-9C70-4B07-8A58-A1B368AB1BFC}"
EndProject
Project("{2150E333-8FDC-42A3-9474-1A3956D46DE8}") = "UserAgent", "UserAgent", "{FEE879BB-DDDD-4892-B826-09ACC2DDBCE2}"
EndProject
Project("{9A19103F-16F7-4668-BE54-9A1E7A4F7556}") = "WpfUserAgent", "CSharp\UserAgent\WpfUserAgent\WpfUserAgent.csproj", "{291AD3FC-5CB3-4323-B4B3-D49F69FD8273}"
EndProject
Global
	GlobalSection(SolutionConfigurationPlatforms) = preSolution
		Debug|Any CPU = Debug|Any CPU
		Release|Any CPU = Release|Any CPU
	EndGlobalSection
	GlobalSection(ProjectConfigurationPlatforms) = postSolution
		{312E90DF-7D18-42A0-BB31-DE7F3EFEA918}.Debug|Any CPU.ActiveCfg = Debug|Any CPU
		{312E90DF-7D18-42A0-BB31-DE7F3EFEA918}.Debug|Any CPU.Build.0 = Debug|Any CPU
		{312E90DF-7D18-42A0-BB31-DE7F3EFEA918}.Release|Any CPU.ActiveCfg = Release|Any CPU
		{312E90DF-7D18-42A0-BB31-DE7F3EFEA918}.Release|Any CPU.Build.0 = Release|Any CPU
		{F0261FB4-16F7-4D7D-A3C0-3278841C6236}.Debug|Any CPU.ActiveCfg = Debug|Any CPU
		{F0261FB4-16F7-4D7D-A3C0-3278841C6236}.Debug|Any CPU.Build.0 = Debug|Any CPU
		{F0261FB4-16F7-4D7D-A3C0-3278841C6236}.Release|Any CPU.ActiveCfg = Release|Any CPU
		{F0261FB4-16F7-4D7D-A3C0-3278841C6236}.Release|Any CPU.Build.0 = Release|Any CPU
		{B25EB48B-452D-40E4-A5D2-4F283BD83553}.Debug|Any CPU.ActiveCfg = Debug|Any CPU
		{B25EB48B-452D-40E4-A5D2-4F283BD83553}.Debug|Any CPU.Build.0 = Debug|Any CPU
		{B25EB48B-452D-40E4-A5D2-4F283BD83553}.Release|Any CPU.ActiveCfg = Release|Any CPU
		{B25EB48B-452D-40E4-A5D2-4F283BD83553}.Release|Any CPU.Build.0 = Release|Any CPU
		{F4C6569F-326A-4BC9-920C-0C761717A7FE}.Debug|Any CPU.ActiveCfg = Debug|Any CPU
		{F4C6569F-326A-4BC9-920C-0C761717A7FE}.Debug|Any CPU.Build.0 = Debug|Any CPU
		{F4C6569F-326A-4BC9-920C-0C761717A7FE}.Release|Any CPU.ActiveCfg = Release|Any CPU
		{F4C6569F-326A-4BC9-920C-0C761717A7FE}.Release|Any CPU.Build.0 = Release|Any CPU
		{991314A3-9DB8-4CD1-94F5-899F4CB7680F}.Debug|Any CPU.ActiveCfg = Debug|Any CPU
		{991314A3-9DB8-4CD1-94F5-899F4CB7680F}.Debug|Any CPU.Build.0 = Debug|Any CPU
		{991314A3-9DB8-4CD1-94F5-899F4CB7680F}.Release|Any CPU.ActiveCfg = Release|Any CPU
		{991314A3-9DB8-4CD1-94F5-899F4CB7680F}.Release|Any CPU.Build.0 = Release|Any CPU
		{03EB8BAB-9DD3-4421-9457-44C803C9400B}.Debug|Any CPU.ActiveCfg = Debug|Any CPU
		{03EB8BAB-9DD3-4421-9457-44C803C9400B}.Debug|Any CPU.Build.0 = Debug|Any CPU
		{03EB8BAB-9DD3-4421-9457-44C803C9400B}.Release|Any CPU.ActiveCfg = Release|Any CPU
		{03EB8BAB-9DD3-4421-9457-44C803C9400B}.Release|Any CPU.Build.0 = Release|Any CPU
		{22E9E913-9C70-4B07-8A58-A1B368AB1BFC}.Debug|Any CPU.ActiveCfg = Debug|Any CPU
		{22E9E913-9C70-4B07-8A58-A1B368AB1BFC}.Debug|Any CPU.Build.0 = Debug|Any CPU
		{22E9E913-9C70-4B07-8A58-A1B368AB1BFC}.Release|Any CPU.ActiveCfg = Release|Any CPU
		{22E9E913-9C70-4B07-8A58-A1B368AB1BFC}.Release|Any CPU.Build.0 = Release|Any CPU
		{291AD3FC-5CB3-4323-B4B3-D49F69FD8273}.Debug|Any CPU.ActiveCfg = Debug|Any CPU
		{291AD3FC-5CB3-4323-B4B3-D49F69FD8273}.Debug|Any CPU.Build.0 = Debug|Any CPU
		{291AD3FC-5CB3-4323-B4B3-D49F69FD8273}.Release|Any CPU.ActiveCfg = Release|Any CPU
		{291AD3FC-5CB3-4323-B4B3-D49F69FD8273}.Release|Any CPU.Build.0 = Release|Any CPU
	EndGlobalSection
	GlobalSection(SolutionProperties) = preSolution
		HideSolutionNode = FALSE
	EndGlobalSection
	GlobalSection(NestedProjects) = preSolution
		{312E90DF-7D18-42A0-BB31-DE7F3EFEA918} = {FF0E7445-F0D6-41DE-A1BC-E482D3B04617}
		{FF0E7445-F0D6-41DE-A1BC-E482D3B04617} = {91827CA4-FACA-4251-B8B6-69888F998D50}
		{D141A43C-9513-4596-8A7B-2A066D2CB12A} = {91827CA4-FACA-4251-B8B6-69888F998D50}
		{F0261FB4-16F7-4D7D-A3C0-3278841C6236} = {D141A43C-9513-4596-8A7B-2A066D2CB12A}
		{B25EB48B-452D-40E4-A5D2-4F283BD83553} = {D141A43C-9513-4596-8A7B-2A066D2CB12A}
		{1FF042FA-6D76-4527-81A1-15BBB18386E0} = {91827CA4-FACA-4251-B8B6-69888F998D50}
		{761ADD43-71EA-4F5D-AC2D-BC3959A2AB36} = {91827CA4-FACA-4251-B8B6-69888F998D50}
		{68D70DFE-407B-4F3E-91BD-D842E4507C3A} = {91827CA4-FACA-4251-B8B6-69888F998D50}
		{5D38864E-9816-4B69-BEFA-11D939014AB2} = {91827CA4-FACA-4251-B8B6-69888F998D50}
		{F4C6569F-326A-4BC9-920C-0C761717A7FE} = {761ADD43-71EA-4F5D-AC2D-BC3959A2AB36}
		{991314A3-9DB8-4CD1-94F5-899F4CB7680F} = {1FF042FA-6D76-4527-81A1-15BBB18386E0}
		{03EB8BAB-9DD3-4421-9457-44C803C9400B} = {68D70DFE-407B-4F3E-91BD-D842E4507C3A}
		{22E9E913-9C70-4B07-8A58-A1B368AB1BFC} = {5D38864E-9816-4B69-BEFA-11D939014AB2}
		{FEE879BB-DDDD-4892-B826-09ACC2DDBCE2} = {91827CA4-FACA-4251-B8B6-69888F998D50}
		{291AD3FC-5CB3-4323-B4B3-D49F69FD8273} = {FEE879BB-DDDD-4892-B826-09ACC2DDBCE2}
	EndGlobalSection
	GlobalSection(ExtensibilityGlobals) = postSolution
		SolutionGuid = {FE5994D8-CF18-4AE1-9376-FBC89AA33F6E}
	EndGlobalSection
EndGlobal
